
Microsoft Visual Studio Solution File, Format Version 12.00
# Visual Studio Version 17
VisualStudioVersion = 17.9.34728.123
MinimumVisualStudioVersion = 10.0.40219.1
Project("{8BC9CEB8-8B4A-11D0-8D11-00A0C91BC942}") = "윈도우 C멀티스레드", "윈도우 C멀티스레드\윈도우 C멀티스레드.vcxproj", "{6BCF56E6-8406-49F5-9A23-3210902C4F8C}"
EndProject
Global
	GlobalSection(SolutionConfigurationPlatforms) = preSolution
		Debug|x64 = Debug|x64
		Debug|x86 = Debug|x86
		Release|x64 = Release|x64
		Release|x86 = Release|x86
	EndGlobalSection
	GlobalSection(ProjectConfigurationPlatforms) = postSolution
		{6BCF56E6-8406-49F5-9A23-3210902C4F8C}.Debug|x64.ActiveCfg = Debug|x64
		{6BCF56E6-8406-49F5-9A23-3210902C4F8C}.Debug|x64.Build.0 = Debug|x64
		{6BCF56E6-8406-49F5-9A23-3210902C4F8C}.Debug|x86.ActiveCfg = Debug|Win32
		{6BCF56E6-8406-49F5-9A23-3210902C4F8C}.Debug|x86.Build.0 = Debug|Win32
		{6BCF56E6-8406-49F5-9A23-3210902C4F8C}.Release|x64.ActiveCfg = Release|x64
		{6BCF56E6-8406-49F5-9A23-3210902C4F8C}.Release|x64.Build.0 = Release|x64
		{6BCF56E6-8406-49F5-9A23-3210902C4F8C}.Release|x86.ActiveCfg = Release|Win32
		{6BCF56E6-8406-49F5-9A23-3210902C4F8C}.Release|x86.Build.0 = Release|Win32
	EndGlobalSection
	GlobalSection(SolutionProperties) = preSolution
		HideSolutionNode = FALSE
	EndGlobalSection
	GlobalSection(ExtensibilityGlobals) = postSolution
		SolutionGuid = {93813291-D55E-4F73-A22C-35D0EA6493B9}
	EndGlobalSection
EndGlobal
